// !$*UTF8*$!
{
	archiveVersion = 1;
	classes = {
	};
	objectVersion = 46;
	objects = {

/* Begin PBXBuildFile section */
		D32076041EC7424E0058CC3A /* MZTimerLabel.m in Sources */ = {isa = PBXBuildFile; fileRef = D32076031EC7424D0058CC3A /* MZTimerLabel.m */; };
		D34794141E8437FE00D9D593 /* AppDelegate.swift in Sources */ = {isa = PBXBuildFile; fileRef = D34794131E8437FE00D9D593 /* AppDelegate.swift */; };
		D34794161E8437FE00D9D593 /* ViewController.swift in Sources */ = {isa = PBXBuildFile; fileRef = D34794151E8437FE00D9D593 /* ViewController.swift */; };
		D34794191E8437FE00D9D593 /* Main.storyboard in Resources */ = {isa = PBXBuildFile; fileRef = D34794171E8437FE00D9D593 /* Main.storyboard */; };
		D347941B1E8437FE00D9D593 /* Assets.xcassets in Resources */ = {isa = PBXBuildFile; fileRef = D347941A1E8437FE00D9D593 /* Assets.xcassets */; };
		D347941E1E8437FE00D9D593 /* LaunchScreen.storyboard in Resources */ = {isa = PBXBuildFile; fileRef = D347941C1E8437FE00D9D593 /* LaunchScreen.storyboard */; };
		D37C73BF1E8FB45700113D38 /* AFError.swift in Sources */ = {isa = PBXBuildFile; fileRef = D37C73A91E8FB45700113D38 /* AFError.swift */; };
		D37C73C01E8FB45700113D38 /* Alamofire.swift in Sources */ = {isa = PBXBuildFile; fileRef = D37C73AB1E8FB45700113D38 /* Alamofire.swift */; };
		D37C73C11E8FB45700113D38 /* DispatchQueue+Alamofire.swift in Sources */ = {isa = PBXBuildFile; fileRef = D37C73AC1E8FB45700113D38 /* DispatchQueue+Alamofire.swift */; };
		D37C73C21E8FB45700113D38 /* Info.plist in Resources */ = {isa = PBXBuildFile; fileRef = D37C73AD1E8FB45700113D38 /* Info.plist */; };
		D37C73C31E8FB45700113D38 /* MultipartFormData.swift in Sources */ = {isa = PBXBuildFile; fileRef = D37C73AE1E8FB45700113D38 /* MultipartFormData.swift */; };
		D37C73C41E8FB45700113D38 /* NetworkReachabilityManager.swift in Sources */ = {isa = PBXBuildFile; fileRef = D37C73AF1E8FB45700113D38 /* NetworkReachabilityManager.swift */; };
		D37C73C51E8FB45700113D38 /* Notifications.swift in Sources */ = {isa = PBXBuildFile; fileRef = D37C73B01E8FB45700113D38 /* Notifications.swift */; };
		D37C73C61E8FB45700113D38 /* ParameterEncoding.swift in Sources */ = {isa = PBXBuildFile; fileRef = D37C73B11E8FB45700113D38 /* ParameterEncoding.swift */; };
		D37C73C71E8FB45700113D38 /* Request.swift in Sources */ = {isa = PBXBuildFile; fileRef = D37C73B21E8FB45700113D38 /* Request.swift */; };
		D37C73C81E8FB45700113D38 /* Response.swift in Sources */ = {isa = PBXBuildFile; fileRef = D37C73B31E8FB45700113D38 /* Response.swift */; };
		D37C73C91E8FB45700113D38 /* ResponseSerialization.swift in Sources */ = {isa = PBXBuildFile; fileRef = D37C73B41E8FB45700113D38 /* ResponseSerialization.swift */; };
		D37C73CA1E8FB45700113D38 /* Result.swift in Sources */ = {isa = PBXBuildFile; fileRef = D37C73B51E8FB45700113D38 /* Result.swift */; };
		D37C73CB1E8FB45700113D38 /* ServerTrustPolicy.swift in Sources */ = {isa = PBXBuildFile; fileRef = D37C73B61E8FB45700113D38 /* ServerTrustPolicy.swift */; };
		D37C73CC1E8FB45700113D38 /* SessionDelegate.swift in Sources */ = {isa = PBXBuildFile; fileRef = D37C73B71E8FB45700113D38 /* SessionDelegate.swift */; };
		D37C73CD1E8FB45700113D38 /* SessionManager.swift in Sources */ = {isa = PBXBuildFile; fileRef = D37C73B81E8FB45700113D38 /* SessionManager.swift */; };
		D37C73CE1E8FB45700113D38 /* TaskDelegate.swift in Sources */ = {isa = PBXBuildFile; fileRef = D37C73B91E8FB45700113D38 /* TaskDelegate.swift */; };
		D37C73CF1E8FB45700113D38 /* Timeline.swift in Sources */ = {isa = PBXBuildFile; fileRef = D37C73BA1E8FB45700113D38 /* Timeline.swift */; };
		D37C73D01E8FB45700113D38 /* Validation.swift in Sources */ = {isa = PBXBuildFile; fileRef = D37C73BB1E8FB45700113D38 /* Validation.swift */; };
		D37C73D71E8FBE3C00113D38 /* ForgotViewController.swift in Sources */ = {isa = PBXBuildFile; fileRef = D37C73D61E8FBE3C00113D38 /* ForgotViewController.swift */; };
		D37F5CCF1EC4CCDB00310502 /* SocketAckEmitter.swift in Sources */ = {isa = PBXBuildFile; fileRef = D37F5CB61EC4CCDB00310502 /* SocketAckEmitter.swift */; };
		D37F5CD01EC4CCDB00310502 /* SocketAckManager.swift in Sources */ = {isa = PBXBuildFile; fileRef = D37F5CB71EC4CCDB00310502 /* SocketAckManager.swift */; };
		D37F5CD11EC4CCDB00310502 /* SocketAnyEvent.swift in Sources */ = {isa = PBXBuildFile; fileRef = D37F5CB81EC4CCDB00310502 /* SocketAnyEvent.swift */; };
		D37F5CD21EC4CCDB00310502 /* SocketClientManager.swift in Sources */ = {isa = PBXBuildFile; fileRef = D37F5CB91EC4CCDB00310502 /* SocketClientManager.swift */; };
		D37F5CD31EC4CCDB00310502 /* SocketEngine.swift in Sources */ = {isa = PBXBuildFile; fileRef = D37F5CBA1EC4CCDB00310502 /* SocketEngine.swift */; };
		D37F5CD41EC4CCDB00310502 /* SocketEngineClient.swift in Sources */ = {isa = PBXBuildFile; fileRef = D37F5CBB1EC4CCDB00310502 /* SocketEngineClient.swift */; };
		D37F5CD51EC4CCDB00310502 /* SocketEnginePacketType.swift in Sources */ = {isa = PBXBuildFile; fileRef = D37F5CBC1EC4CCDB00310502 /* SocketEnginePacketType.swift */; };
		D37F5CD61EC4CCDB00310502 /* SocketEnginePollable.swift in Sources */ = {isa = PBXBuildFile; fileRef = D37F5CBD1EC4CCDB00310502 /* SocketEnginePollable.swift */; };
		D37F5CD71EC4CCDB00310502 /* SocketEngineSpec.swift in Sources */ = {isa = PBXBuildFile; fileRef = D37F5CBE1EC4CCDB00310502 /* SocketEngineSpec.swift */; };
		D37F5CD81EC4CCDB00310502 /* SocketEngineWebsocket.swift in Sources */ = {isa = PBXBuildFile; fileRef = D37F5CBF1EC4CCDB00310502 /* SocketEngineWebsocket.swift */; };
		D37F5CD91EC4CCDB00310502 /* SocketEventHandler.swift in Sources */ = {isa = PBXBuildFile; fileRef = D37F5CC01EC4CCDB00310502 /* SocketEventHandler.swift */; };
		D37F5CDA1EC4CCDB00310502 /* SocketExtensions.swift in Sources */ = {isa = PBXBuildFile; fileRef = D37F5CC11EC4CCDB00310502 /* SocketExtensions.swift */; };
		D37F5CDB1EC4CCDB00310502 /* SocketIOClient.swift in Sources */ = {isa = PBXBuildFile; fileRef = D37F5CC31EC4CCDB00310502 /* SocketIOClient.swift */; };
		D37F5CDC1EC4CCDB00310502 /* SocketIOClientConfiguration.swift in Sources */ = {isa = PBXBuildFile; fileRef = D37F5CC41EC4CCDB00310502 /* SocketIOClientConfiguration.swift */; };
		D37F5CDD1EC4CCDB00310502 /* SocketIOClientOption.swift in Sources */ = {isa = PBXBuildFile; fileRef = D37F5CC51EC4CCDB00310502 /* SocketIOClientOption.swift */; };
		D37F5CDE1EC4CCDB00310502 /* SocketIOClientSpec.swift in Sources */ = {isa = PBXBuildFile; fileRef = D37F5CC61EC4CCDB00310502 /* SocketIOClientSpec.swift */; };
		D37F5CDF1EC4CCDB00310502 /* SocketIOClientStatus.swift in Sources */ = {isa = PBXBuildFile; fileRef = D37F5CC71EC4CCDB00310502 /* SocketIOClientStatus.swift */; };
		D37F5CE01EC4CCDB00310502 /* SocketLogger.swift in Sources */ = {isa = PBXBuildFile; fileRef = D37F5CC81EC4CCDB00310502 /* SocketLogger.swift */; };
		D37F5CE11EC4CCDB00310502 /* SocketPacket.swift in Sources */ = {isa = PBXBuildFile; fileRef = D37F5CC91EC4CCDB00310502 /* SocketPacket.swift */; };
		D37F5CE21EC4CCDB00310502 /* SocketParsable.swift in Sources */ = {isa = PBXBuildFile; fileRef = D37F5CCA1EC4CCDB00310502 /* SocketParsable.swift */; };
		D37F5CE31EC4CCDB00310502 /* SocketStringReader.swift in Sources */ = {isa = PBXBuildFile; fileRef = D37F5CCB1EC4CCDB00310502 /* SocketStringReader.swift */; };
		D37F5CE41EC4CCDB00310502 /* SocketTypes.swift in Sources */ = {isa = PBXBuildFile; fileRef = D37F5CCC1EC4CCDB00310502 /* SocketTypes.swift */; };
		D37F5CE51EC4CCDB00310502 /* SSLSecurity.swift in Sources */ = {isa = PBXBuildFile; fileRef = D37F5CCD1EC4CCDB00310502 /* SSLSecurity.swift */; };
		D37F5CE61EC4CCDB00310502 /* WebSocket.swift in Sources */ = {isa = PBXBuildFile; fileRef = D37F5CCE1EC4CCDB00310502 /* WebSocket.swift */; };
		D38FF04A1E8689FA007972EB /* Lato-Black.ttf in Resources */ = {isa = PBXBuildFile; fileRef = D38FF0431E8689FA007972EB /* Lato-Black.ttf */; };
		D38FF04B1E8689FA007972EB /* Lato-Bold.ttf in Resources */ = {isa = PBXBuildFile; fileRef = D38FF0441E8689FA007972EB /* Lato-Bold.ttf */; };
		D38FF04C1E8689FA007972EB /* Lato-Heavy.ttf in Resources */ = {isa = PBXBuildFile; fileRef = D38FF0451E8689FA007972EB /* Lato-Heavy.ttf */; };
		D38FF04D1E8689FA007972EB /* Lato-Light.ttf in Resources */ = {isa = PBXBuildFile; fileRef = D38FF0461E8689FA007972EB /* Lato-Light.ttf */; };
		D38FF04E1E8689FA007972EB /* Lato-Medium.ttf in Resources */ = {isa = PBXBuildFile; fileRef = D38FF0471E8689FA007972EB /* Lato-Medium.ttf */; };
		D38FF04F1E8689FA007972EB /* Lato-Regular.ttf in Resources */ = {isa = PBXBuildFile; fileRef = D38FF0481E8689FA007972EB /* Lato-Regular.ttf */; };
		D38FF0501E8689FA007972EB /* Lato-Semibold.ttf in Resources */ = {isa = PBXBuildFile; fileRef = D38FF0491E8689FA007972EB /* Lato-Semibold.ttf */; };
		D38FF0541E86930C007972EB /* SignUpVC.swift in Sources */ = {isa = PBXBuildFile; fileRef = D38FF0531E86930C007972EB /* SignUpVC.swift */; };
		D38FF06D1E86A639007972EB /* IQNSArray+Sort.swift in Sources */ = {isa = PBXBuildFile; fileRef = D38FF0571E86A639007972EB /* IQNSArray+Sort.swift */; };
		D38FF06E1E86A639007972EB /* IQUIScrollView+Additions.swift in Sources */ = {isa = PBXBuildFile; fileRef = D38FF0581E86A639007972EB /* IQUIScrollView+Additions.swift */; };
		D38FF06F1E86A639007972EB /* IQUITextFieldView+Additions.swift in Sources */ = {isa = PBXBuildFile; fileRef = D38FF0591E86A639007972EB /* IQUITextFieldView+Additions.swift */; };
		D38FF0701E86A639007972EB /* IQUIView+Hierarchy.swift in Sources */ = {isa = PBXBuildFile; fileRef = D38FF05A1E86A639007972EB /* IQUIView+Hierarchy.swift */; };
		D38FF0711E86A639007972EB /* IQUIViewController+Additions.swift in Sources */ = {isa = PBXBuildFile; fileRef = D38FF05B1E86A639007972EB /* IQUIViewController+Additions.swift */; };
		D38FF0721E86A639007972EB /* IQUIWindow+Hierarchy.swift in Sources */ = {isa = PBXBuildFile; fileRef = D38FF05C1E86A639007972EB /* IQUIWindow+Hierarchy.swift */; };
		D38FF0731E86A639007972EB /* IQKeyboardManagerConstants.swift in Sources */ = {isa = PBXBuildFile; fileRef = D38FF05E1E86A639007972EB /* IQKeyboardManagerConstants.swift */; };
		D38FF0741E86A639007972EB /* IQKeyboardManagerConstantsInternal.swift in Sources */ = {isa = PBXBuildFile; fileRef = D38FF05F1E86A639007972EB /* IQKeyboardManagerConstantsInternal.swift */; };
		D38FF0751E86A639007972EB /* IQKeyboardManager.swift in Sources */ = {isa = PBXBuildFile; fileRef = D38FF0601E86A639007972EB /* IQKeyboardManager.swift */; };
		D38FF0761E86A639007972EB /* IQKeyboardReturnKeyHandler.swift in Sources */ = {isa = PBXBuildFile; fileRef = D38FF0621E86A639007972EB /* IQKeyboardReturnKeyHandler.swift */; };
		D38FF0771E86A639007972EB /* IQTextView.swift in Sources */ = {isa = PBXBuildFile; fileRef = D38FF0641E86A639007972EB /* IQTextView.swift */; };
		D38FF0781E86A639007972EB /* IQBarButtonItem.swift in Sources */ = {isa = PBXBuildFile; fileRef = D38FF0661E86A639007972EB /* IQBarButtonItem.swift */; };
		D38FF0791E86A639007972EB /* IQPreviousNextView.swift in Sources */ = {isa = PBXBuildFile; fileRef = D38FF0671E86A639007972EB /* IQPreviousNextView.swift */; };
		D38FF07A1E86A639007972EB /* IQTitleBarButtonItem.swift in Sources */ = {isa = PBXBuildFile; fileRef = D38FF0681E86A639007972EB /* IQTitleBarButtonItem.swift */; };
		D38FF07B1E86A639007972EB /* IQToolbar.swift in Sources */ = {isa = PBXBuildFile; fileRef = D38FF0691E86A639007972EB /* IQToolbar.swift */; };
		D38FF07C1E86A639007972EB /* IQUIView+IQKeyboardToolbar.swift in Sources */ = {isa = PBXBuildFile; fileRef = D38FF06A1E86A639007972EB /* IQUIView+IQKeyboardToolbar.swift */; };
		D38FF07D1E86A639007972EB /* IQKeyboardManager.bundle in Resources */ = {isa = PBXBuildFile; fileRef = D38FF06C1E86A639007972EB /* IQKeyboardManager.bundle */; };
		D3BE0FCD1EE3E4FD00DEF692 /* SocketIOManager.swift in Sources */ = {isa = PBXBuildFile; fileRef = D3BE0FCC1EE3E4FD00DEF692 /* SocketIOManager.swift */; };
		D3C449A71EE72F6E00FF2BAD /* PrivacyVC.swift in Sources */ = {isa = PBXBuildFile; fileRef = D3C449A61EE72F6E00FF2BAD /* PrivacyVC.swift */; };
		D3CB0E7F1E87DFA9004331D3 /* SettingsVC.swift in Sources */ = {isa = PBXBuildFile; fileRef = D3CB0E7E1E87DFA9004331D3 /* SettingsVC.swift */; };
		D3CB0E841E87E078004331D3 /* AppUtils.swift in Sources */ = {isa = PBXBuildFile; fileRef = D3CB0E821E87E078004331D3 /* AppUtils.swift */; };
		D3CB0E851E87E078004331D3 /* Constant.swift in Sources */ = {isa = PBXBuildFile; fileRef = D3CB0E831E87E078004331D3 /* Constant.swift */; };
		D3CB0E8B1E87EF67004331D3 /* HomeVC.swift in Sources */ = {isa = PBXBuildFile; fileRef = D3CB0E8A1E87EF67004331D3 /* HomeVC.swift */; };
		D3CB0E8D1E87EF75004331D3 /* BattleVC.swift in Sources */ = {isa = PBXBuildFile; fileRef = D3CB0E8C1E87EF75004331D3 /* BattleVC.swift */; };
		D3CB0E8F1E87EF82004331D3 /* ProfileVC.swift in Sources */ = {isa = PBXBuildFile; fileRef = D3CB0E8E1E87EF82004331D3 /* ProfileVC.swift */; };
		D3CB0E911E87EF92004331D3 /* LeaderVC.swift in Sources */ = {isa = PBXBuildFile; fileRef = D3CB0E901E87EF92004331D3 /* LeaderVC.swift */; };
/* End PBXBuildFile section */

/* Begin PBXFileReference section */
		D32076021EC7424D0058CC3A /* MZTimerLabel.h */ = {isa = PBXFileReference; fileEncoding = 4; lastKnownFileType = sourcecode.c.h; path = MZTimerLabel.h; sourceTree = "<group>"; };
		D32076031EC7424D0058CC3A /* MZTimerLabel.m */ = {isa = PBXFileReference; fileEncoding = 4; lastKnownFileType = sourcecode.c.objc; path = MZTimerLabel.m; sourceTree = "<group>"; };
		D32076101EC746820058CC3A /* TickTock-Bridging-Header.h */ = {isa = PBXFileReference; fileEncoding = 4; lastKnownFileType = sourcecode.c.h; path = "TickTock-Bridging-Header.h"; sourceTree = "<group>"; };
		D34794101E8437FE00D9D593 /* TickTock.app */ = {isa = PBXFileReference; explicitFileType = wrapper.application; includeInIndex = 0; path = TickTock.app; sourceTree = BUILT_PRODUCTS_DIR; };
		D34794131E8437FE00D9D593 /* AppDelegate.swift */ = {isa = PBXFileReference; lastKnownFileType = sourcecode.swift; path = AppDelegate.swift; sourceTree = "<group>"; };
		D34794151E8437FE00D9D593 /* ViewController.swift */ = {isa = PBXFileReference; lastKnownFileType = sourcecode.swift; path = ViewController.swift; sourceTree = "<group>"; };
		D34794181E8437FE00D9D593 /* Base */ = {isa = PBXFileReference; lastKnownFileType = file.storyboard; name = Base; path = Base.lproj/Main.storyboard; sourceTree = "<group>"; };
		D347941A1E8437FE00D9D593 /* Assets.xcassets */ = {isa = PBXFileReference; lastKnownFileType = folder.assetcatalog; path = Assets.xcassets; sourceTree = "<group>"; };
		D347941D1E8437FE00D9D593 /* Base */ = {isa = PBXFileReference; lastKnownFileType = file.storyboard; name = Base; path = Base.lproj/LaunchScreen.storyboard; sourceTree = "<group>"; };
		D347941F1E8437FE00D9D593 /* Info.plist */ = {isa = PBXFileReference; lastKnownFileType = text.plist.xml; path = Info.plist; sourceTree = "<group>"; };
		D37C73A91E8FB45700113D38 /* AFError.swift */ = {isa = PBXFileReference; fileEncoding = 4; lastKnownFileType = sourcecode.swift; path = AFError.swift; sourceTree = "<group>"; };
		D37C73AA1E8FB45700113D38 /* Alamofire.h */ = {isa = PBXFileReference; fileEncoding = 4; lastKnownFileType = sourcecode.c.h; path = Alamofire.h; sourceTree = "<group>"; };
		D37C73AB1E8FB45700113D38 /* Alamofire.swift */ = {isa = PBXFileReference; fileEncoding = 4; lastKnownFileType = sourcecode.swift; path = Alamofire.swift; sourceTree = "<group>"; };
		D37C73AC1E8FB45700113D38 /* DispatchQueue+Alamofire.swift */ = {isa = PBXFileReference; fileEncoding = 4; lastKnownFileType = sourcecode.swift; path = "DispatchQueue+Alamofire.swift"; sourceTree = "<group>"; };
		D37C73AD1E8FB45700113D38 /* Info.plist */ = {isa = PBXFileReference; fileEncoding = 4; lastKnownFileType = text.plist.xml; path = Info.plist; sourceTree = "<group>"; };
		D37C73AE1E8FB45700113D38 /* MultipartFormData.swift */ = {isa = PBXFileReference; fileEncoding = 4; lastKnownFileType = sourcecode.swift; path = MultipartFormData.swift; sourceTree = "<group>"; };
		D37C73AF1E8FB45700113D38 /* NetworkReachabilityManager.swift */ = {isa = PBXFileReference; fileEncoding = 4; lastKnownFileType = sourcecode.swift; path = NetworkReachabilityManager.swift; sourceTree = "<group>"; };
		D37C73B01E8FB45700113D38 /* Notifications.swift */ = {isa = PBXFileReference; fileEncoding = 4; lastKnownFileType = sourcecode.swift; path = Notifications.swift; sourceTree = "<group>"; };
		D37C73B11E8FB45700113D38 /* ParameterEncoding.swift */ = {isa = PBXFileReference; fileEncoding = 4; lastKnownFileType = sourcecode.swift; path = ParameterEncoding.swift; sourceTree = "<group>"; };
		D37C73B21E8FB45700113D38 /* Request.swift */ = {isa = PBXFileReference; fileEncoding = 4; lastKnownFileType = sourcecode.swift; path = Request.swift; sourceTree = "<group>"; };
		D37C73B31E8FB45700113D38 /* Response.swift */ = {isa = PBXFileReference; fileEncoding = 4; lastKnownFileType = sourcecode.swift; path = Response.swift; sourceTree = "<group>"; };
		D37C73B41E8FB45700113D38 /* ResponseSerialization.swift */ = {isa = PBXFileReference; fileEncoding = 4; lastKnownFileType = sourcecode.swift; path = ResponseSerialization.swift; sourceTree = "<group>"; };
		D37C73B51E8FB45700113D38 /* Result.swift */ = {isa = PBXFileReference; fileEncoding = 4; lastKnownFileType = sourcecode.swift; path = Result.swift; sourceTree = "<group>"; };
		D37C73B61E8FB45700113D38 /* ServerTrustPolicy.swift */ = {isa = PBXFileReference; fileEncoding = 4; lastKnownFileType = sourcecode.swift; path = ServerTrustPolicy.swift; sourceTree = "<group>"; };
		D37C73B71E8FB45700113D38 /* SessionDelegate.swift */ = {isa = PBXFileReference; fileEncoding = 4; lastKnownFileType = sourcecode.swift; path = SessionDelegate.swift; sourceTree = "<group>"; };
		D37C73B81E8FB45700113D38 /* SessionManager.swift */ = {isa = PBXFileReference; fileEncoding = 4; lastKnownFileType = sourcecode.swift; path = SessionManager.swift; sourceTree = "<group>"; };
		D37C73B91E8FB45700113D38 /* TaskDelegate.swift */ = {isa = PBXFileReference; fileEncoding = 4; lastKnownFileType = sourcecode.swift; path = TaskDelegate.swift; sourceTree = "<group>"; };
		D37C73BA1E8FB45700113D38 /* Timeline.swift */ = {isa = PBXFileReference; fileEncoding = 4; lastKnownFileType = sourcecode.swift; path = Timeline.swift; sourceTree = "<group>"; };
		D37C73BB1E8FB45700113D38 /* Validation.swift */ = {isa = PBXFileReference; fileEncoding = 4; lastKnownFileType = sourcecode.swift; path = Validation.swift; sourceTree = "<group>"; };
		D37C73D61E8FBE3C00113D38 /* ForgotViewController.swift */ = {isa = PBXFileReference; fileEncoding = 4; lastKnownFileType = sourcecode.swift; name = ForgotViewController.swift; path = SignupVC/ForgotViewController.swift; sourceTree = "<group>"; };
		D37F5CB61EC4CCDB00310502 /* SocketAckEmitter.swift */ = {isa = PBXFileReference; fileEncoding = 4; lastKnownFileType = sourcecode.swift; path = SocketAckEmitter.swift; sourceTree = "<group>"; };
		D37F5CB71EC4CCDB00310502 /* SocketAckManager.swift */ = {isa = PBXFileReference; fileEncoding = 4; lastKnownFileType = sourcecode.swift; path = SocketAckManager.swift; sourceTree = "<group>"; };
		D37F5CB81EC4CCDB00310502 /* SocketAnyEvent.swift */ = {isa = PBXFileReference; fileEncoding = 4; lastKnownFileType = sourcecode.swift; path = SocketAnyEvent.swift; sourceTree = "<group>"; };
		D37F5CB91EC4CCDB00310502 /* SocketClientManager.swift */ = {isa = PBXFileReference; fileEncoding = 4; lastKnownFileType = sourcecode.swift; path = SocketClientManager.swift; sourceTree = "<group>"; };
		D37F5CBA1EC4CCDB00310502 /* SocketEngine.swift */ = {isa = PBXFileReference; fileEncoding = 4; lastKnownFileType = sourcecode.swift; path = SocketEngine.swift; sourceTree = "<group>"; };
		D37F5CBB1EC4CCDB00310502 /* SocketEngineClient.swift */ = {isa = PBXFileReference; fileEncoding = 4; lastKnownFileType = sourcecode.swift; path = SocketEngineClient.swift; sourceTree = "<group>"; };
		D37F5CBC1EC4CCDB00310502 /* SocketEnginePacketType.swift */ = {isa = PBXFileReference; fileEncoding = 4; lastKnownFileType = sourcecode.swift; path = SocketEnginePacketType.swift; sourceTree = "<group>"; };
		D37F5CBD1EC4CCDB00310502 /* SocketEnginePollable.swift */ = {isa = PBXFileReference; fileEncoding = 4; lastKnownFileType = sourcecode.swift; path = SocketEnginePollable.swift; sourceTree = "<group>"; };
		D37F5CBE1EC4CCDB00310502 /* SocketEngineSpec.swift */ = {isa = PBXFileReference; fileEncoding = 4; lastKnownFileType = sourcecode.swift; path = SocketEngineSpec.swift; sourceTree = "<group>"; };
		D37F5CBF1EC4CCDB00310502 /* SocketEngineWebsocket.swift */ = {isa = PBXFileReference; fileEncoding = 4; lastKnownFileType = sourcecode.swift; path = SocketEngineWebsocket.swift; sourceTree = "<group>"; };
		D37F5CC01EC4CCDB00310502 /* SocketEventHandler.swift */ = {isa = PBXFileReference; fileEncoding = 4; lastKnownFileType = sourcecode.swift; path = SocketEventHandler.swift; sourceTree = "<group>"; };
		D37F5CC11EC4CCDB00310502 /* SocketExtensions.swift */ = {isa = PBXFileReference; fileEncoding = 4; lastKnownFileType = sourcecode.swift; path = SocketExtensions.swift; sourceTree = "<group>"; };
		D37F5CC21EC4CCDB00310502 /* SocketIO.h */ = {isa = PBXFileReference; fileEncoding = 4; lastKnownFileType = sourcecode.c.h; path = SocketIO.h; sourceTree = "<group>"; };
		D37F5CC31EC4CCDB00310502 /* SocketIOClient.swift */ = {isa = PBXFileReference; fileEncoding = 4; lastKnownFileType = sourcecode.swift; path = SocketIOClient.swift; sourceTree = "<group>"; };
		D37F5CC41EC4CCDB00310502 /* SocketIOClientConfiguration.swift */ = {isa = PBXFileReference; fileEncoding = 4; lastKnownFileType = sourcecode.swift; path = SocketIOClientConfiguration.swift; sourceTree = "<group>"; };
		D37F5CC51EC4CCDB00310502 /* SocketIOClientOption.swift */ = {isa = PBXFileReference; fileEncoding = 4; lastKnownFileType = sourcecode.swift; path = SocketIOClientOption.swift; sourceTree = "<group>"; };
		D37F5CC61EC4CCDB00310502 /* SocketIOClientSpec.swift */ = {isa = PBXFileReference; fileEncoding = 4; lastKnownFileType = sourcecode.swift; path = SocketIOClientSpec.swift; sourceTree = "<group>"; };
		D37F5CC71EC4CCDB00310502 /* SocketIOClientStatus.swift */ = {isa = PBXFileReference; fileEncoding = 4; lastKnownFileType = sourcecode.swift; path = SocketIOClientStatus.swift; sourceTree = "<group>"; };
		D37F5CC81EC4CCDB00310502 /* SocketLogger.swift */ = {isa = PBXFileReference; fileEncoding = 4; lastKnownFileType = sourcecode.swift; path = SocketLogger.swift; sourceTree = "<group>"; };
		D37F5CC91EC4CCDB00310502 /* SocketPacket.swift */ = {isa = PBXFileReference; fileEncoding = 4; lastKnownFileType = sourcecode.swift; path = SocketPacket.swift; sourceTree = "<group>"; };
		D37F5CCA1EC4CCDB00310502 /* SocketParsable.swift */ = {isa = PBXFileReference; fileEncoding = 4; lastKnownFileType = sourcecode.swift; path = SocketParsable.swift; sourceTree = "<group>"; };
		D37F5CCB1EC4CCDB00310502 /* SocketStringReader.swift */ = {isa = PBXFileReference; fileEncoding = 4; lastKnownFileType = sourcecode.swift; path = SocketStringReader.swift; sourceTree = "<group>"; };
		D37F5CCC1EC4CCDB00310502 /* SocketTypes.swift */ = {isa = PBXFileReference; fileEncoding = 4; lastKnownFileType = sourcecode.swift; path = SocketTypes.swift; sourceTree = "<group>"; };
		D37F5CCD1EC4CCDB00310502 /* SSLSecurity.swift */ = {isa = PBXFileReference; fileEncoding = 4; lastKnownFileType = sourcecode.swift; path = SSLSecurity.swift; sourceTree = "<group>"; };
		D37F5CCE1EC4CCDB00310502 /* WebSocket.swift */ = {isa = PBXFileReference; fileEncoding = 4; lastKnownFileType = sourcecode.swift; path = WebSocket.swift; sourceTree = "<group>"; };
		D38FF0431E8689FA007972EB /* Lato-Black.ttf */ = {isa = PBXFileReference; lastKnownFileType = file; path = "Lato-Black.ttf"; sourceTree = "<group>"; };
		D38FF0441E8689FA007972EB /* Lato-Bold.ttf */ = {isa = PBXFileReference; lastKnownFileType = file; path = "Lato-Bold.ttf"; sourceTree = "<group>"; };
		D38FF0451E8689FA007972EB /* Lato-Heavy.ttf */ = {isa = PBXFileReference; lastKnownFileType = file; path = "Lato-Heavy.ttf"; sourceTree = "<group>"; };
		D38FF0461E8689FA007972EB /* Lato-Light.ttf */ = {isa = PBXFileReference; lastKnownFileType = file; path = "Lato-Light.ttf"; sourceTree = "<group>"; };
		D38FF0471E8689FA007972EB /* Lato-Medium.ttf */ = {isa = PBXFileReference; lastKnownFileType = file; path = "Lato-Medium.ttf"; sourceTree = "<group>"; };
		D38FF0481E8689FA007972EB /* Lato-Regular.ttf */ = {isa = PBXFileReference; lastKnownFileType = file; path = "Lato-Regular.ttf"; sourceTree = "<group>"; };
		D38FF0491E8689FA007972EB /* Lato-Semibold.ttf */ = {isa = PBXFileReference; lastKnownFileType = file; path = "Lato-Semibold.ttf"; sourceTree = "<group>"; };
		D38FF0531E86930C007972EB /* SignUpVC.swift */ = {isa = PBXFileReference; fileEncoding = 4; lastKnownFileType = sourcecode.swift; name = SignUpVC.swift; path = SignupVC/SignUpVC.swift; sourceTree = "<group>"; };
		D38FF0571E86A639007972EB /* IQNSArray+Sort.swift */ = {isa = PBXFileReference; fileEncoding = 4; lastKnownFileType = sourcecode.swift; path = "IQNSArray+Sort.swift"; sourceTree = "<group>"; };
		D38FF0581E86A639007972EB /* IQUIScrollView+Additions.swift */ = {isa = PBXFileReference; fileEncoding = 4; lastKnownFileType = sourcecode.swift; path = "IQUIScrollView+Additions.swift"; sourceTree = "<group>"; };
		D38FF0591E86A639007972EB /* IQUITextFieldView+Additions.swift */ = {isa = PBXFileReference; fileEncoding = 4; lastKnownFileType = sourcecode.swift; path = "IQUITextFieldView+Additions.swift"; sourceTree = "<group>"; };
		D38FF05A1E86A639007972EB /* IQUIView+Hierarchy.swift */ = {isa = PBXFileReference; fileEncoding = 4; lastKnownFileType = sourcecode.swift; path = "IQUIView+Hierarchy.swift"; sourceTree = "<group>"; };
		D38FF05B1E86A639007972EB /* IQUIViewController+Additions.swift */ = {isa = PBXFileReference; fileEncoding = 4; lastKnownFileType = sourcecode.swift; path = "IQUIViewController+Additions.swift"; sourceTree = "<group>"; };
		D38FF05C1E86A639007972EB /* IQUIWindow+Hierarchy.swift */ = {isa = PBXFileReference; fileEncoding = 4; lastKnownFileType = sourcecode.swift; path = "IQUIWindow+Hierarchy.swift"; sourceTree = "<group>"; };
		D38FF05E1E86A639007972EB /* IQKeyboardManagerConstants.swift */ = {isa = PBXFileReference; fileEncoding = 4; lastKnownFileType = sourcecode.swift; path = IQKeyboardManagerConstants.swift; sourceTree = "<group>"; };
		D38FF05F1E86A639007972EB /* IQKeyboardManagerConstantsInternal.swift */ = {isa = PBXFileReference; fileEncoding = 4; lastKnownFileType = sourcecode.swift; path = IQKeyboardManagerConstantsInternal.swift; sourceTree = "<group>"; };
		D38FF0601E86A639007972EB /* IQKeyboardManager.swift */ = {isa = PBXFileReference; fileEncoding = 4; lastKnownFileType = sourcecode.swift; path = IQKeyboardManager.swift; sourceTree = "<group>"; };
		D38FF0611E86A639007972EB /* IQKeyboardManagerSwift.h */ = {isa = PBXFileReference; fileEncoding = 4; lastKnownFileType = sourcecode.c.h; path = IQKeyboardManagerSwift.h; sourceTree = "<group>"; };
		D38FF0621E86A639007972EB /* IQKeyboardReturnKeyHandler.swift */ = {isa = PBXFileReference; fileEncoding = 4; lastKnownFileType = sourcecode.swift; path = IQKeyboardReturnKeyHandler.swift; sourceTree = "<group>"; };
		D38FF0641E86A639007972EB /* IQTextView.swift */ = {isa = PBXFileReference; fileEncoding = 4; lastKnownFileType = sourcecode.swift; path = IQTextView.swift; sourceTree = "<group>"; };
		D38FF0661E86A639007972EB /* IQBarButtonItem.swift */ = {isa = PBXFileReference; fileEncoding = 4; lastKnownFileType = sourcecode.swift; path = IQBarButtonItem.swift; sourceTree = "<group>"; };
		D38FF0671E86A639007972EB /* IQPreviousNextView.swift */ = {isa = PBXFileReference; fileEncoding = 4; lastKnownFileType = sourcecode.swift; path = IQPreviousNextView.swift; sourceTree = "<group>"; };
		D38FF0681E86A639007972EB /* IQTitleBarButtonItem.swift */ = {isa = PBXFileReference; fileEncoding = 4; lastKnownFileType = sourcecode.swift; path = IQTitleBarButtonItem.swift; sourceTree = "<group>"; };
		D38FF0691E86A639007972EB /* IQToolbar.swift */ = {isa = PBXFileReference; fileEncoding = 4; lastKnownFileType = sourcecode.swift; path = IQToolbar.swift; sourceTree = "<group>"; };
		D38FF06A1E86A639007972EB /* IQUIView+IQKeyboardToolbar.swift */ = {isa = PBXFileReference; fileEncoding = 4; lastKnownFileType = sourcecode.swift; path = "IQUIView+IQKeyboardToolbar.swift"; sourceTree = "<group>"; };
		D38FF06C1E86A639007972EB /* IQKeyboardManager.bundle */ = {isa = PBXFileReference; lastKnownFileType = "wrapper.plug-in"; path = IQKeyboardManager.bundle; sourceTree = "<group>"; };
		D3BE0FCC1EE3E4FD00DEF692 /* SocketIOManager.swift */ = {isa = PBXFileReference; fileEncoding = 4; lastKnownFileType = sourcecode.swift; path = SocketIOManager.swift; sourceTree = "<group>"; };
		D3C449A61EE72F6E00FF2BAD /* PrivacyVC.swift */ = {isa = PBXFileReference; fileEncoding = 4; lastKnownFileType = sourcecode.swift; name = PrivacyVC.swift; path = SettingsViewController/PrivacyVC.swift; sourceTree = "<group>"; };
		D3CB0E7E1E87DFA9004331D3 /* SettingsVC.swift */ = {isa = PBXFileReference; fileEncoding = 4; lastKnownFileType = sourcecode.swift; name = SettingsVC.swift; path = SettingsViewController/SettingsVC.swift; sourceTree = "<group>"; };
		D3CB0E821E87E078004331D3 /* AppUtils.swift */ = {isa = PBXFileReference; fileEncoding = 4; lastKnownFileType = sourcecode.swift; path = AppUtils.swift; sourceTree = "<group>"; };
		D3CB0E831E87E078004331D3 /* Constant.swift */ = {isa = PBXFileReference; fileEncoding = 4; lastKnownFileType = sourcecode.swift; path = Constant.swift; sourceTree = "<group>"; };
		D3CB0E8A1E87EF67004331D3 /* HomeVC.swift */ = {isa = PBXFileReference; fileEncoding = 4; lastKnownFileType = sourcecode.swift; path = HomeVC.swift; sourceTree = "<group>"; };
		D3CB0E8C1E87EF75004331D3 /* BattleVC.swift */ = {isa = PBXFileReference; fileEncoding = 4; lastKnownFileType = sourcecode.swift; path = BattleVC.swift; sourceTree = "<group>"; };
		D3CB0E8E1E87EF82004331D3 /* ProfileVC.swift */ = {isa = PBXFileReference; fileEncoding = 4; lastKnownFileType = sourcecode.swift; path = ProfileVC.swift; sourceTree = "<group>"; };
		D3CB0E901E87EF92004331D3 /* LeaderVC.swift */ = {isa = PBXFileReference; fileEncoding = 4; lastKnownFileType = sourcecode.swift; path = LeaderVC.swift; sourceTree = "<group>"; };
/* End PBXFileReference section */

/* Begin PBXFrameworksBuildPhase section */
		D347940D1E8437FE00D9D593 /* Frameworks */ = {
			isa = PBXFrameworksBuildPhase;
			buildActionMask = 2147483647;
			files = (
			);
			runOnlyForDeploymentPostprocessing = 0;
		};
/* End PBXFrameworksBuildPhase section */

/* Begin PBXGroup section */
		D32076011EC7424D0058CC3A /* MZTimerLabel */ = {
			isa = PBXGroup;
			children = (
				D32076021EC7424D0058CC3A /* MZTimerLabel.h */,
				D32076031EC7424D0058CC3A /* MZTimerLabel.m */,
			);
			path = MZTimerLabel;
			sourceTree = "<group>";
		};
		D34794071E8437FE00D9D593 = {
			isa = PBXGroup;
			children = (
				D32076101EC746820058CC3A /* TickTock-Bridging-Header.h */,
				D34794121E8437FE00D9D593 /* TickTock */,
				D34794111E8437FE00D9D593 /* Products */,
			);
			sourceTree = "<group>";
		};
		D34794111E8437FE00D9D593 /* Products */ = {
			isa = PBXGroup;
			children = (
				D34794101E8437FE00D9D593 /* TickTock.app */,
			);
			name = Products;
			sourceTree = "<group>";
		};
		D34794121E8437FE00D9D593 /* TickTock */ = {
			isa = PBXGroup;
			children = (
				D3BE0FC91EE3E4D800DEF692 /* SocketManager */,
				D32076011EC7424D0058CC3A /* MZTimerLabel */,
				D37F5CB51EC4CCDB00310502 /* SocketSource */,
				D37C73A31E8FB45700113D38 /* WebServiceClass */,
				D3CB0E861E87EF5B004331D3 /* HomeViewController */,
				D3CB0E881E87EF5B004331D3 /* ProfileViewController */,
				D3CB0E891E87EF5B004331D3 /* LeaderboardView */,
				D3CB0E811E87E078004331D3 /* Utility */,
				D3CB0E7D1E87DF7D004331D3 /* SettingsViewController */,
				D38FF0551E86A639007972EB /* IQKeyboardManagerSwift */,
				D38FF0521E8692E5007972EB /* SignupViewController */,
				D38FF0421E8689FA007972EB /* fonts */,
				D34794131E8437FE00D9D593 /* AppDelegate.swift */,
				D34794151E8437FE00D9D593 /* ViewController.swift */,
				D34794171E8437FE00D9D593 /* Main.storyboard */,
				D347941A1E8437FE00D9D593 /* Assets.xcassets */,
				D347941C1E8437FE00D9D593 /* LaunchScreen.storyboard */,
				D347941F1E8437FE00D9D593 /* Info.plist */,
			);
			path = TickTock;
			sourceTree = "<group>";
		};
		D37C73A31E8FB45700113D38 /* WebServiceClass */ = {
			isa = PBXGroup;
			children = (
				D37C73A81E8FB45700113D38 /* Source */,
			);
			path = WebServiceClass;
			sourceTree = "<group>";
		};
		D37C73A81E8FB45700113D38 /* Source */ = {
			isa = PBXGroup;
			children = (
				D37C73A91E8FB45700113D38 /* AFError.swift */,
				D37C73AA1E8FB45700113D38 /* Alamofire.h */,
				D37C73AB1E8FB45700113D38 /* Alamofire.swift */,
				D37C73AC1E8FB45700113D38 /* DispatchQueue+Alamofire.swift */,
				D37C73AD1E8FB45700113D38 /* Info.plist */,
				D37C73AE1E8FB45700113D38 /* MultipartFormData.swift */,
				D37C73AF1E8FB45700113D38 /* NetworkReachabilityManager.swift */,
				D37C73B01E8FB45700113D38 /* Notifications.swift */,
				D37C73B11E8FB45700113D38 /* ParameterEncoding.swift */,
				D37C73B21E8FB45700113D38 /* Request.swift */,
				D37C73B31E8FB45700113D38 /* Response.swift */,
				D37C73B41E8FB45700113D38 /* ResponseSerialization.swift */,
				D37C73B51E8FB45700113D38 /* Result.swift */,
				D37C73B61E8FB45700113D38 /* ServerTrustPolicy.swift */,
				D37C73B71E8FB45700113D38 /* SessionDelegate.swift */,
				D37C73B81E8FB45700113D38 /* SessionManager.swift */,
				D37C73B91E8FB45700113D38 /* TaskDelegate.swift */,
				D37C73BA1E8FB45700113D38 /* Timeline.swift */,
				D37C73BB1E8FB45700113D38 /* Validation.swift */,
			);
			path = Source;
			sourceTree = "<group>";
		};
		D37F5CB51EC4CCDB00310502 /* SocketSource */ = {
			isa = PBXGroup;
			children = (
				D37F5CB61EC4CCDB00310502 /* SocketAckEmitter.swift */,
				D37F5CB71EC4CCDB00310502 /* SocketAckManager.swift */,
				D37F5CB81EC4CCDB00310502 /* SocketAnyEvent.swift */,
				D37F5CB91EC4CCDB00310502 /* SocketClientManager.swift */,
				D37F5CBA1EC4CCDB00310502 /* SocketEngine.swift */,
				D37F5CBB1EC4CCDB00310502 /* SocketEngineClient.swift */,
				D37F5CBC1EC4CCDB00310502 /* SocketEnginePacketType.swift */,
				D37F5CBD1EC4CCDB00310502 /* SocketEnginePollable.swift */,
				D37F5CBE1EC4CCDB00310502 /* SocketEngineSpec.swift */,
				D37F5CBF1EC4CCDB00310502 /* SocketEngineWebsocket.swift */,
				D37F5CC01EC4CCDB00310502 /* SocketEventHandler.swift */,
				D37F5CC11EC4CCDB00310502 /* SocketExtensions.swift */,
				D37F5CC21EC4CCDB00310502 /* SocketIO.h */,
				D37F5CC31EC4CCDB00310502 /* SocketIOClient.swift */,
				D37F5CC41EC4CCDB00310502 /* SocketIOClientConfiguration.swift */,
				D37F5CC51EC4CCDB00310502 /* SocketIOClientOption.swift */,
				D37F5CC61EC4CCDB00310502 /* SocketIOClientSpec.swift */,
				D37F5CC71EC4CCDB00310502 /* SocketIOClientStatus.swift */,
				D37F5CC81EC4CCDB00310502 /* SocketLogger.swift */,
				D37F5CC91EC4CCDB00310502 /* SocketPacket.swift */,
				D37F5CCA1EC4CCDB00310502 /* SocketParsable.swift */,
				D37F5CCB1EC4CCDB00310502 /* SocketStringReader.swift */,
				D37F5CCC1EC4CCDB00310502 /* SocketTypes.swift */,
				D37F5CCD1EC4CCDB00310502 /* SSLSecurity.swift */,
				D37F5CCE1EC4CCDB00310502 /* WebSocket.swift */,
			);
			path = SocketSource;
			sourceTree = "<group>";
		};
		D38FF0421E8689FA007972EB /* fonts */ = {
			isa = PBXGroup;
			children = (
				D38FF0431E8689FA007972EB /* Lato-Black.ttf */,
				D38FF0441E8689FA007972EB /* Lato-Bold.ttf */,
				D38FF0451E8689FA007972EB /* Lato-Heavy.ttf */,
				D38FF0461E8689FA007972EB /* Lato-Light.ttf */,
				D38FF0471E8689FA007972EB /* Lato-Medium.ttf */,
				D38FF0481E8689FA007972EB /* Lato-Regular.ttf */,
				D38FF0491E8689FA007972EB /* Lato-Semibold.ttf */,
			);
			path = fonts;
			sourceTree = "<group>";
		};
		D38FF0521E8692E5007972EB /* SignupViewController */ = {
			isa = PBXGroup;
			children = (
				D37C73D61E8FBE3C00113D38 /* ForgotViewController.swift */,
				D38FF0531E86930C007972EB /* SignUpVC.swift */,
			);
			name = SignupViewController;
			sourceTree = "<group>";
		};
		D38FF0551E86A639007972EB /* IQKeyboardManagerSwift */ = {
			isa = PBXGroup;
			children = (
				D38FF0561E86A639007972EB /* Categories */,
				D38FF05D1E86A639007972EB /* Constants */,
				D38FF0601E86A639007972EB /* IQKeyboardManager.swift */,
				D38FF0611E86A639007972EB /* IQKeyboardManagerSwift.h */,
				D38FF0621E86A639007972EB /* IQKeyboardReturnKeyHandler.swift */,
				D38FF0631E86A639007972EB /* IQTextView */,
				D38FF0651E86A639007972EB /* IQToolbar */,
				D38FF06B1E86A639007972EB /* Resources */,
			);
			path = IQKeyboardManagerSwift;
			sourceTree = "<group>";
		};
		D38FF0561E86A639007972EB /* Categories */ = {
			isa = PBXGroup;
			children = (
				D38FF0571E86A639007972EB /* IQNSArray+Sort.swift */,
				D38FF0581E86A639007972EB /* IQUIScrollView+Additions.swift */,
				D38FF0591E86A639007972EB /* IQUITextFieldView+Additions.swift */,
				D38FF05A1E86A639007972EB /* IQUIView+Hierarchy.swift */,
				D38FF05B1E86A639007972EB /* IQUIViewController+Additions.swift */,
				D38FF05C1E86A639007972EB /* IQUIWindow+Hierarchy.swift */,
			);
			path = Categories;
			sourceTree = "<group>";
		};
		D38FF05D1E86A639007972EB /* Constants */ = {
			isa = PBXGroup;
			children = (
				D38FF05E1E86A639007972EB /* IQKeyboardManagerConstants.swift */,
				D38FF05F1E86A639007972EB /* IQKeyboardManagerConstantsInternal.swift */,
			);
			path = Constants;
			sourceTree = "<group>";
		};
		D38FF0631E86A639007972EB /* IQTextView */ = {
			isa = PBXGroup;
			children = (
				D38FF0641E86A639007972EB /* IQTextView.swift */,
			);
			path = IQTextView;
			sourceTree = "<group>";
		};
		D38FF0651E86A639007972EB /* IQToolbar */ = {
			isa = PBXGroup;
			children = (
				D38FF0661E86A639007972EB /* IQBarButtonItem.swift */,
				D38FF0671E86A639007972EB /* IQPreviousNextView.swift */,
				D38FF0681E86A639007972EB /* IQTitleBarButtonItem.swift */,
				D38FF0691E86A639007972EB /* IQToolbar.swift */,
				D38FF06A1E86A639007972EB /* IQUIView+IQKeyboardToolbar.swift */,
			);
			path = IQToolbar;
			sourceTree = "<group>";
		};
		D38FF06B1E86A639007972EB /* Resources */ = {
			isa = PBXGroup;
			children = (
				D38FF06C1E86A639007972EB /* IQKeyboardManager.bundle */,
			);
			path = Resources;
			sourceTree = "<group>";
		};
		D3BE0FC91EE3E4D800DEF692 /* SocketManager */ = {
			isa = PBXGroup;
			children = (
				D3BE0FCC1EE3E4FD00DEF692 /* SocketIOManager.swift */,
			);
			name = SocketManager;
			sourceTree = "<group>";
		};
		D3CB0E7D1E87DF7D004331D3 /* SettingsViewController */ = {
			isa = PBXGroup;
			children = (
				D3CB0E7E1E87DFA9004331D3 /* SettingsVC.swift */,
				D3C449A61EE72F6E00FF2BAD /* PrivacyVC.swift */,
			);
			name = SettingsViewController;
			sourceTree = "<group>";
		};
		D3CB0E811E87E078004331D3 /* Utility */ = {
			isa = PBXGroup;
			children = (
				D3CB0E821E87E078004331D3 /* AppUtils.swift */,
				D3CB0E831E87E078004331D3 /* Constant.swift */,
			);
			path = Utility;
			sourceTree = "<group>";
		};
		D3CB0E861E87EF5B004331D3 /* HomeViewController */ = {
			isa = PBXGroup;
			children = (
				D3CB0E8A1E87EF67004331D3 /* HomeVC.swift */,
				D3CB0E871E87EF5B004331D3 /* BattleView */,
			);
			path = HomeViewController;
			sourceTree = "<group>";
		};
		D3CB0E871E87EF5B004331D3 /* BattleView */ = {
			isa = PBXGroup;
			children = (
				D3CB0E8C1E87EF75004331D3 /* BattleVC.swift */,
			);
			name = BattleView;
			path = ../BattleView;
			sourceTree = "<group>";
		};
		D3CB0E881E87EF5B004331D3 /* ProfileViewController */ = {
			isa = PBXGroup;
			children = (
				D3CB0E8E1E87EF82004331D3 /* ProfileVC.swift */,
			);
			path = ProfileViewController;
			sourceTree = "<group>";
		};
		D3CB0E891E87EF5B004331D3 /* LeaderboardView */ = {
			isa = PBXGroup;
			children = (
				D3CB0E901E87EF92004331D3 /* LeaderVC.swift */,
			);
			path = LeaderboardView;
			sourceTree = "<group>";
		};
/* End PBXGroup section */

/* Begin PBXNativeTarget section */
		D347940F1E8437FE00D9D593 /* TickTock */ = {
			isa = PBXNativeTarget;
			buildConfigurationList = D34794221E8437FE00D9D593 /* Build configuration list for PBXNativeTarget "TickTock" */;
			buildPhases = (
				D347940C1E8437FE00D9D593 /* Sources */,
				D347940D1E8437FE00D9D593 /* Frameworks */,
				D347940E1E8437FE00D9D593 /* Resources */,
			);
			buildRules = (
			);
			dependencies = (
			);
			name = TickTock;
			productName = TickTock;
			productReference = D34794101E8437FE00D9D593 /* TickTock.app */;
			productType = "com.apple.product-type.application";
		};
/* End PBXNativeTarget section */

/* Begin PBXProject section */
		D34794081E8437FE00D9D593 /* Project object */ = {
			isa = PBXProject;
			attributes = {
				LastSwiftUpdateCheck = 0800;
				LastUpgradeCheck = 0800;
				ORGANIZATIONNAME = Niyati;
				TargetAttributes = {
					D347940F1E8437FE00D9D593 = {
						CreatedOnToolsVersion = 8.0;
						DevelopmentTeam = P7LEFGE66S;
						ProvisioningStyle = Manual;
					};
				};
			};
			buildConfigurationList = D347940B1E8437FE00D9D593 /* Build configuration list for PBXProject "TickTock" */;
			compatibilityVersion = "Xcode 3.2";
			developmentRegion = English;
			hasScannedForEncodings = 0;
			knownRegions = (
				en,
				Base,
			);
			mainGroup = D34794071E8437FE00D9D593;
			productRefGroup = D34794111E8437FE00D9D593 /* Products */;
			projectDirPath = "";
			projectRoot = "";
			targets = (
				D347940F1E8437FE00D9D593 /* TickTock */,
			);
		};
/* End PBXProject section */

/* Begin PBXResourcesBuildPhase section */
		D347940E1E8437FE00D9D593 /* Resources */ = {
			isa = PBXResourcesBuildPhase;
			buildActionMask = 2147483647;
			files = (
				D38FF04C1E8689FA007972EB /* Lato-Heavy.ttf in Resources */,
				D38FF07D1E86A639007972EB /* IQKeyboardManager.bundle in Resources */,
				D38FF04E1E8689FA007972EB /* Lato-Medium.ttf in Resources */,
				D38FF04A1E8689FA007972EB /* Lato-Black.ttf in Resources */,
				D38FF04B1E8689FA007972EB /* Lato-Bold.ttf in Resources */,
				D38FF04F1E8689FA007972EB /* Lato-Regular.ttf in Resources */,
				D38FF0501E8689FA007972EB /* Lato-Semibold.ttf in Resources */,
				D347941E1E8437FE00D9D593 /* LaunchScreen.storyboard in Resources */,
				D347941B1E8437FE00D9D593 /* Assets.xcassets in Resources */,
				D34794191E8437FE00D9D593 /* Main.storyboard in Resources */,
				D38FF04D1E8689FA007972EB /* Lato-Light.ttf in Resources */,
				D37C73C21E8FB45700113D38 /* Info.plist in Resources */,
			);
			runOnlyForDeploymentPostprocessing = 0;
		};
/* End PBXResourcesBuildPhase section */

/* Begin PBXSourcesBuildPhase section */
		D347940C1E8437FE00D9D593 /* Sources */ = {
			isa = PBXSourcesBuildPhase;
			buildActionMask = 2147483647;
			files = (
				D38FF0761E86A639007972EB /* IQKeyboardReturnKeyHandler.swift in Sources */,
				D3CB0E911E87EF92004331D3 /* LeaderVC.swift in Sources */,
				D37F5CD11EC4CCDB00310502 /* SocketAnyEvent.swift in Sources */,
				D38FF0751E86A639007972EB /* IQKeyboardManager.swift in Sources */,
				D32076041EC7424E0058CC3A /* MZTimerLabel.m in Sources */,
				D37F5CD91EC4CCDB00310502 /* SocketEventHandler.swift in Sources */,
				D37F5CE51EC4CCDB00310502 /* SSLSecurity.swift in Sources */,
				D37F5CDC1EC4CCDB00310502 /* SocketIOClientConfiguration.swift in Sources */,
				D37C73CB1E8FB45700113D38 /* ServerTrustPolicy.swift in Sources */,
				D37F5CDB1EC4CCDB00310502 /* SocketIOClient.swift in Sources */,
				D38FF06D1E86A639007972EB /* IQNSArray+Sort.swift in Sources */,
				D37F5CDA1EC4CCDB00310502 /* SocketExtensions.swift in Sources */,
				D34794161E8437FE00D9D593 /* ViewController.swift in Sources */,
				D37F5CE61EC4CCDB00310502 /* WebSocket.swift in Sources */,
				D37F5CE31EC4CCDB00310502 /* SocketStringReader.swift in Sources */,
				D38FF0791E86A639007972EB /* IQPreviousNextView.swift in Sources */,
				D37C73C01E8FB45700113D38 /* Alamofire.swift in Sources */,
				D37F5CD41EC4CCDB00310502 /* SocketEngineClient.swift in Sources */,
				D37F5CCF1EC4CCDB00310502 /* SocketAckEmitter.swift in Sources */,
				D37F5CD01EC4CCDB00310502 /* SocketAckManager.swift in Sources */,
				D37C73C71E8FB45700113D38 /* Request.swift in Sources */,
				D37F5CD81EC4CCDB00310502 /* SocketEngineWebsocket.swift in Sources */,
				D3CB0E8F1E87EF82004331D3 /* ProfileVC.swift in Sources */,
				D37C73CA1E8FB45700113D38 /* Result.swift in Sources */,
				D37C73C51E8FB45700113D38 /* Notifications.swift in Sources */,
				D37C73D01E8FB45700113D38 /* Validation.swift in Sources */,
				D37F5CDE1EC4CCDB00310502 /* SocketIOClientSpec.swift in Sources */,
				D38FF06F1E86A639007972EB /* IQUITextFieldView+Additions.swift in Sources */,
				D37F5CDF1EC4CCDB00310502 /* SocketIOClientStatus.swift in Sources */,
				D38FF0741E86A639007972EB /* IQKeyboardManagerConstantsInternal.swift in Sources */,
				D38FF0721E86A639007972EB /* IQUIWindow+Hierarchy.swift in Sources */,
				D3C449A71EE72F6E00FF2BAD /* PrivacyVC.swift in Sources */,
				D37F5CD71EC4CCDB00310502 /* SocketEngineSpec.swift in Sources */,
				D38FF07C1E86A639007972EB /* IQUIView+IQKeyboardToolbar.swift in Sources */,
				D37C73BF1E8FB45700113D38 /* AFError.swift in Sources */,
				D3CB0E7F1E87DFA9004331D3 /* SettingsVC.swift in Sources */,
				D37F5CE01EC4CCDB00310502 /* SocketLogger.swift in Sources */,
				D38FF0541E86930C007972EB /* SignUpVC.swift in Sources */,
				D38FF0701E86A639007972EB /* IQUIView+Hierarchy.swift in Sources */,
				D37F5CE21EC4CCDB00310502 /* SocketParsable.swift in Sources */,
				D3CB0E841E87E078004331D3 /* AppUtils.swift in Sources */,
				D3CB0E8B1E87EF67004331D3 /* HomeVC.swift in Sources */,
				D3CB0E8D1E87EF75004331D3 /* BattleVC.swift in Sources */,
				D38FF0781E86A639007972EB /* IQBarButtonItem.swift in Sources */,
				D38FF06E1E86A639007972EB /* IQUIScrollView+Additions.swift in Sources */,
				D38FF0711E86A639007972EB /* IQUIViewController+Additions.swift in Sources */,
				D38FF0731E86A639007972EB /* IQKeyboardManagerConstants.swift in Sources */,
				D38FF07A1E86A639007972EB /* IQTitleBarButtonItem.swift in Sources */,
				D37C73C31E8FB45700113D38 /* MultipartFormData.swift in Sources */,
				D37C73C11E8FB45700113D38 /* DispatchQueue+Alamofire.swift in Sources */,
				D37F5CD51EC4CCDB00310502 /* SocketEnginePacketType.swift in Sources */,
				D37F5CE11EC4CCDB00310502 /* SocketPacket.swift in Sources */,
				D37F5CE41EC4CCDB00310502 /* SocketTypes.swift in Sources */,
				D37C73CC1E8FB45700113D38 /* SessionDelegate.swift in Sources */,
				D37F5CD31EC4CCDB00310502 /* SocketEngine.swift in Sources */,
				D37C73C61E8FB45700113D38 /* ParameterEncoding.swift in Sources */,
				D37C73C41E8FB45700113D38 /* NetworkReachabilityManager.swift in Sources */,
				D34794141E8437FE00D9D593 /* AppDelegate.swift in Sources */,
				D37C73C91E8FB45700113D38 /* ResponseSerialization.swift in Sources */,
				D3CB0E851E87E078004331D3 /* Constant.swift in Sources */,
				D37C73D71E8FBE3C00113D38 /* ForgotViewController.swift in Sources */,
				D37C73CF1E8FB45700113D38 /* Timeline.swift in Sources */,
				D38FF0771E86A639007972EB /* IQTextView.swift in Sources */,
				D37F5CD61EC4CCDB00310502 /* SocketEnginePollable.swift in Sources */,
				D37F5CDD1EC4CCDB00310502 /* SocketIOClientOption.swift in Sources */,
				D37F5CD21EC4CCDB00310502 /* SocketClientManager.swift in Sources */,
				D38FF07B1E86A639007972EB /* IQToolbar.swift in Sources */,
				D3BE0FCD1EE3E4FD00DEF692 /* SocketIOManager.swift in Sources */,
				D37C73CE1E8FB45700113D38 /* TaskDelegate.swift in Sources */,
				D37C73CD1E8FB45700113D38 /* SessionManager.swift in Sources */,
				D37C73C81E8FB45700113D38 /* Response.swift in Sources */,
			);
			runOnlyForDeploymentPostprocessing = 0;
		};
/* End PBXSourcesBuildPhase section */

/* Begin PBXVariantGroup section */
		D34794171E8437FE00D9D593 /* Main.storyboard */ = {
			isa = PBXVariantGroup;
			children = (
				D34794181E8437FE00D9D593 /* Base */,
			);
			name = Main.storyboard;
			sourceTree = "<group>";
		};
		D347941C1E8437FE00D9D593 /* LaunchScreen.storyboard */ = {
			isa = PBXVariantGroup;
			children = (
				D347941D1E8437FE00D9D593 /* Base */,
			);
			name = LaunchScreen.storyboard;
			sourceTree = "<group>";
		};
/* End PBXVariantGroup section */

/* Begin XCBuildConfiguration section */
		D34794201E8437FE00D9D593 /* Debug */ = {
			isa = XCBuildConfiguration;
			buildSettings = {
				ALWAYS_SEARCH_USER_PATHS = NO;
				CLANG_ANALYZER_NONNULL = YES;
				CLANG_CXX_LANGUAGE_STANDARD = "gnu++0x";
				CLANG_CXX_LIBRARY = "libc++";
				CLANG_ENABLE_MODULES = YES;
				CLANG_ENABLE_OBJC_ARC = YES;
				CLANG_WARN_BOOL_CONVERSION = YES;
				CLANG_WARN_CONSTANT_CONVERSION = YES;
				CLANG_WARN_DIRECT_OBJC_ISA_USAGE = YES_ERROR;
				CLANG_WARN_DOCUMENTATION_COMMENTS = YES;
				CLANG_WARN_EMPTY_BODY = YES;
				CLANG_WARN_ENUM_CONVERSION = YES;
				CLANG_WARN_INFINITE_RECURSION = YES;
				CLANG_WARN_INT_CONVERSION = YES;
				CLANG_WARN_OBJC_ROOT_CLASS = YES_ERROR;
				CLANG_WARN_SUSPICIOUS_MOVES = YES;
				CLANG_WARN_UNREACHABLE_CODE = YES;
				CLANG_WARN__DUPLICATE_METHOD_MATCH = YES;
				CODE_SIGN_IDENTITY = "iPhone Distribution: Silver Truck Games, LLC (P7LEFGE66S)";
				"CODE_SIGN_IDENTITY[sdk=iphoneos*]" = "iPhone Distribution: Silver Truck Games, LLC (P7LEFGE66S)";
				COPY_PHASE_STRIP = NO;
				DEBUG_INFORMATION_FORMAT = dwarf;
				ENABLE_STRICT_OBJC_MSGSEND = YES;
				ENABLE_TESTABILITY = YES;
				GCC_C_LANGUAGE_STANDARD = gnu99;
				GCC_DYNAMIC_NO_PIC = NO;
				GCC_NO_COMMON_BLOCKS = YES;
				GCC_OPTIMIZATION_LEVEL = 0;
				GCC_PREPROCESSOR_DEFINITIONS = (
					"DEBUG=1",
					"$(inherited)",
				);
				GCC_WARN_64_TO_32_BIT_CONVERSION = YES;
				GCC_WARN_ABOUT_RETURN_TYPE = YES_ERROR;
				GCC_WARN_UNDECLARED_SELECTOR = YES;
				GCC_WARN_UNINITIALIZED_AUTOS = YES_AGGRESSIVE;
				GCC_WARN_UNUSED_FUNCTION = YES;
				GCC_WARN_UNUSED_VARIABLE = YES;
				IPHONEOS_DEPLOYMENT_TARGET = 8.3;
				MTL_ENABLE_DEBUG_INFO = YES;
				ONLY_ACTIVE_ARCH = YES;
				PROVISIONING_PROFILE = "fcf79e19-1b26-4f4a-9df0-ff144a10136f";
				SDKROOT = iphoneos;
				SWIFT_ACTIVE_COMPILATION_CONDITIONS = DEBUG;
				SWIFT_OPTIMIZATION_LEVEL = "-Onone";
			};
			name = Debug;
		};
		D34794211E8437FE00D9D593 /* Release */ = {
			isa = XCBuildConfiguration;
			buildSettings = {
				ALWAYS_SEARCH_USER_PATHS = NO;
				CLANG_ANALYZER_NONNULL = YES;
				CLANG_CXX_LANGUAGE_STANDARD = "gnu++0x";
				CLANG_CXX_LIBRARY = "libc++";
				CLANG_ENABLE_MODULES = YES;
				CLANG_ENABLE_OBJC_ARC = YES;
				CLANG_WARN_BOOL_CONVERSION = YES;
				CLANG_WARN_CONSTANT_CONVERSION = YES;
				CLANG_WARN_DIRECT_OBJC_ISA_USAGE = YES_ERROR;
				CLANG_WARN_DOCUMENTATION_COMMENTS = YES;
				CLANG_WARN_EMPTY_BODY = YES;
				CLANG_WARN_ENUM_CONVERSION = YES;
				CLANG_WARN_INFINITE_RECURSION = YES;
				CLANG_WARN_INT_CONVERSION = YES;
				CLANG_WARN_OBJC_ROOT_CLASS = YES_ERROR;
				CLANG_WARN_SUSPICIOUS_MOVES = YES;
				CLANG_WARN_UNREACHABLE_CODE = YES;
				CLANG_WARN__DUPLICATE_METHOD_MATCH = YES;
				CODE_SIGN_IDENTITY = "iPhone Distribution: Silver Truck Games, LLC (P7LEFGE66S)";
				"CODE_SIGN_IDENTITY[sdk=iphoneos*]" = "iPhone Distribution: Silver Truck Games, LLC (P7LEFGE66S)";
				COPY_PHASE_STRIP = NO;
				DEBUG_INFORMATION_FORMAT = "dwarf-with-dsym";
				ENABLE_NS_ASSERTIONS = NO;
				ENABLE_STRICT_OBJC_MSGSEND = YES;
				GCC_C_LANGUAGE_STANDARD = gnu99;
				GCC_NO_COMMON_BLOCKS = YES;
				GCC_WARN_64_TO_32_BIT_CONVERSION = YES;
				GCC_WARN_ABOUT_RETURN_TYPE = YES_ERROR;
				GCC_WARN_UNDECLARED_SELECTOR = YES;
				GCC_WARN_UNINITIALIZED_AUTOS = YES_AGGRESSIVE;
				GCC_WARN_UNUSED_FUNCTION = YES;
				GCC_WARN_UNUSED_VARIABLE = YES;
				IPHONEOS_DEPLOYMENT_TARGET = 8.3;
				MTL_ENABLE_DEBUG_INFO = NO;
				PROVISIONING_PROFILE = "fcf79e19-1b26-4f4a-9df0-ff144a10136f";
				SDKROOT = iphoneos;
				SWIFT_OPTIMIZATION_LEVEL = "-Owholemodule";
				VALIDATE_PRODUCT = YES;
			};
			name = Release;
		};
		D34794231E8437FE00D9D593 /* Debug */ = {
			isa = XCBuildConfiguration;
			buildSettings = {
				ASSETCATALOG_COMPILER_APPICON_NAME = AppIcon;
				CODE_SIGN_IDENTITY = "iPhone Distribution: Silver Truck Games, LLC (P7LEFGE66S)";
				DEVELOPMENT_TEAM = P7LEFGE66S;
				INFOPLIST_FILE = TickTock/Info.plist;
				IPHONEOS_DEPLOYMENT_TARGET = 8.3;
				LD_RUNPATH_SEARCH_PATHS = "$(inherited) @executable_path/Frameworks";
				PRODUCT_BUNDLE_IDENTIFIER = com.ticktock.app;
				PRODUCT_NAME = "$(TARGET_NAME)";
				PROVISIONING_PROFILE = "fcf79e19-1b26-4f4a-9df0-ff144a10136f";
				PROVISIONING_PROFILE_SPECIFIER = TickTock_Dist;
				SWIFT_OBJC_BRIDGING_HEADER = "TickTock-Bridging-Header.h";
				SWIFT_VERSION = 3.0;
			};
			name = Debug;
		};
		D34794241E8437FE00D9D593 /* Release */ = {
			isa = XCBuildConfiguration;
			buildSettings = {
				ASSETCATALOG_COMPILER_APPICON_NAME = AppIcon;
				CODE_SIGN_IDENTITY = "iPhone Distribution: Silver Truck Games, LLC (P7LEFGE66S)";
				DEVELOPMENT_TEAM = P7LEFGE66S;
				INFOPLIST_FILE = TickTock/Info.plist;
				IPHONEOS_DEPLOYMENT_TARGET = 8.3;
				LD_RUNPATH_SEARCH_PATHS = "$(inherited) @executable_path/Frameworks";
				PRODUCT_BUNDLE_IDENTIFIER = com.ticktock.app;
				PRODUCT_NAME = "$(TARGET_NAME)";
				PROVISIONING_PROFILE = "fcf79e19-1b26-4f4a-9df0-ff144a10136f";
				PROVISIONING_PROFILE_SPECIFIER = TickTock_Dist;
				SWIFT_OBJC_BRIDGING_HEADER = "TickTock-Bridging-Header.h";
				SWIFT_VERSION = 3.0;
			};
			name = Release;
		};
/* End XCBuildConfiguration section */

/* Begin XCConfigurationList section */
		D347940B1E8437FE00D9D593 /* Build configuration list for PBXProject "TickTock" */ = {
			isa = XCConfigurationList;
			buildConfigurations = (
				D34794201E8437FE00D9D593 /* Debug */,
				D34794211E8437FE00D9D593 /* Release */,
			);
			defaultConfigurationIsVisible = 0;
			defaultConfigurationName = Release;
		};
		D34794221E8437FE00D9D593 /* Build configuration list for PBXNativeTarget "TickTock" */ = {
			isa = XCConfigurationList;
			buildConfigurations = (
				D34794231E8437FE00D9D593 /* Debug */,
				D34794241E8437FE00D9D593 /* Release */,
			);
			defaultConfigurationIsVisible = 0;
			defaultConfigurationName = Release;
		};
/* End XCConfigurationList section */
	};
	rootObject = D34794081E8437FE00D9D593 /* Project object */;
}
